
Microsoft Visual Studio Solution File, Format Version 12.00
# Visual Studio Version 17
VisualStudioVersion = 17.2.32602.215
MinimumVisualStudioVersion = 10.0.40219.1
Project("{FAE04EC0-301F-11D3-BF4B-00C04F79EFBC}") = "Auto Copy Link", "Auto Copy Link\Auto Copy Link.csproj", "{8E50F927-FA0D-4B0A-A8D5-4C063597AC0F}"
EndProject
Global
	GlobalSection(SolutionConfigurationPlatforms) = preSolution
		Debug|Any CPU = Debug|Any CPU
		Release|Any CPU = Release|Any CPU
	EndGlobalSection
	GlobalSection(ProjectConfigurationPlatforms) = postSolution
		{8E50F927-FA0D-4B0A-A8D5-4C063597AC0F}.Debug|Any CPU.ActiveCfg = Debug|Any CPU
		{8E50F927-FA0D-4B0A-A8D5-4C063597AC0F}.Debug|Any CPU.Build.0 = Debug|Any CPU
		{8E50F927-FA0D-4B0A-A8D5-4C063597AC0F}.Release|Any CPU.ActiveCfg = Release|Any CPU
		{8E50F927-FA0D-4B0A-A8D5-4C063597AC0F}.Release|Any CPU.Build.0 = Release|Any CPU
	EndGlobalSection
	GlobalSection(SolutionProperties) = preSolution
		HideSolutionNode = FALSE
	EndGlobalSection
	GlobalSection(ExtensibilityGlobals) = postSolution
		SolutionGuid = {1D4C6BDE-AB11-46E9-968B-48C105293C08}
	EndGlobalSection
EndGlobal
